
Microsoft Visual Studio Solution File, Format Version 12.00
# Visual Studio Version 16
VisualStudioVersion = 16.0.29215.179
MinimumVisualStudioVersion = 10.0.40219.1
Project("{FAE04EC0-301F-11D3-BF4B-00C04F79EFBC}") = "MusicPlayer", "MusicPlayer.csproj", "{55CA53CA-A41E-426B-A57D-F9F964B95698}"
EndProject
Global
	GlobalSection(SolutionConfigurationPlatforms) = preSolution
		Debug|Any CPU = Debug|Any CPU
		Release|Any CPU = Release|Any CPU
	EndGlobalSection
	GlobalSection(ProjectConfigurationPlatforms) = postSolution
		{55CA53CA-A41E-426B-A57D-F9F964B95698}.Debug|Any CPU.ActiveCfg = Debug|Any CPU
		{55CA53CA-A41E-426B-A57D-F9F964B95698}.Debug|Any CPU.Build.0 = Debug|Any CPU
		{55CA53CA-A41E-426B-A57D-F9F964B95698}.Release|Any CPU.ActiveCfg = Release|Any CPU
		{55CA53CA-A41E-426B-A57D-F9F964B95698}.Release|Any CPU.Build.0 = Release|Any CPU
	EndGlobalSection
	GlobalSection(SolutionProperties) = preSolution
		HideSolutionNode = FALSE
	EndGlobalSection
	GlobalSection(ExtensibilityGlobals) = postSolution
		SolutionGuid = {8A567658-E313-446A-B2C6-AF6E43B3A8C4}
	EndGlobalSection
EndGlobal
